
Microsoft Visual Studio Solution File, Format Version 12.00
# Visual Studio Version 17
VisualStudioVersion = 17.7.34024.191
MinimumVisualStudioVersion = 10.0.40219.1
Project("{8BC9CEB8-8B4A-11D0-8D11-00A0C91BC942}") = "Дз посылка сообщения обьектам", "Дз посылка сообщения обьектам.vcxproj", "{800DFE20-3062-4DB2-8779-4EDA770FC2D4}"
EndProject
Global
	GlobalSection(SolutionConfigurationPlatforms) = preSolution
		Debug|x64 = Debug|x64
		Debug|x86 = Debug|x86
		Release|x64 = Release|x64
		Release|x86 = Release|x86
	EndGlobalSection
	GlobalSection(ProjectConfigurationPlatforms) = postSolution
		{800DFE20-3062-4DB2-8779-4EDA770FC2D4}.Debug|x64.ActiveCfg = Debug|x64
		{800DFE20-3062-4DB2-8779-4EDA770FC2D4}.Debug|x64.Build.0 = Debug|x64
		{800DFE20-3062-4DB2-8779-4EDA770FC2D4}.Debug|x86.ActiveCfg = Debug|Win32
		{800DFE20-3062-4DB2-8779-4EDA770FC2D4}.Debug|x86.Build.0 = Debug|Win32
		{800DFE20-3062-4DB2-8779-4EDA770FC2D4}.Release|x64.ActiveCfg = Release|x64
		{800DFE20-3062-4DB2-8779-4EDA770FC2D4}.Release|x64.Build.0 = Release|x64
		{800DFE20-3062-4DB2-8779-4EDA770FC2D4}.Release|x86.ActiveCfg = Release|Win32
		{800DFE20-3062-4DB2-8779-4EDA770FC2D4}.Release|x86.Build.0 = Release|Win32
	EndGlobalSection
	GlobalSection(SolutionProperties) = preSolution
		HideSolutionNode = FALSE
	EndGlobalSection
	GlobalSection(ExtensibilityGlobals) = postSolution
		SolutionGuid = {EA250A67-5121-49C0-8C88-C8F23A526F82}
	EndGlobalSection
EndGlobal
